
Microsoft Visual Studio Solution File, Format Version 12.00
# Visual Studio Version 17
VisualStudioVersion = 17.0.31903.59
MinimumVisualStudioVersion = 10.0.40219.1
Project("{2150E333-8FDC-42A3-9474-1A3956D46DE8}") = "src", "src", "{827E0CD3-B72D-47B6-A68D-7590B98EB39B}"
EndProject
Project("{FAE04EC0-301F-11D3-BF4B-00C04F79EFBC}") = "MyPrivateServer.Backup", "src\MyPrivateServer.Backup\MyPrivateServer.Backup.csproj", "{51B4B298-5800-49FE-948D-7C2B10CF197B}"
EndProject
Project("{FAE04EC0-301F-11D3-BF4B-00C04F79EFBC}") = "MyPrivateServer.Containers", "src\MyPrivateServer.Containers\MyPrivateServer.Containers.csproj", "{4658DB55-6A5B-4EF3-A5FD-D6C41E85E85E}"
EndProject
Project("{FAE04EC0-301F-11D3-BF4B-00C04F79EFBC}") = "MyPrivateServer.Core", "src\MyPrivateServer.Core\MyPrivateServer.Core.csproj", "{4C198D29-BDCC-4E12-B107-EB7B8A7D0B88}"
EndProject
Project("{FAE04EC0-301F-11D3-BF4B-00C04F79EFBC}") = "MyPrivateServer.Databases", "src\MyPrivateServer.Databases\MyPrivateServer.Databases.csproj", "{4B6472D2-B2FB-4471-BE87-4FD4B0CC8DE3}"
EndProject
Project("{FAE04EC0-301F-11D3-BF4B-00C04F79EFBC}") = "MyPrivateServer.Deployments", "src\MyPrivateServer.Deployments\MyPrivateServer.Deployments.csproj", "{F36F5060-CEF2-48AD-A191-7951AC5A5911}"
EndProject
Project("{FAE04EC0-301F-11D3-BF4B-00C04F79EFBC}") = "MyPrivateServer.Files", "src\MyPrivateServer.Files\MyPrivateServer.Files.csproj", "{FC004680-FCA7-4867-8665-C2FB504D78FE}"
EndProject
Project("{FAE04EC0-301F-11D3-BF4B-00C04F79EFBC}") = "MyPrivateServer.Identity", "src\MyPrivateServer.Identity\MyPrivateServer.Identity.csproj", "{0301F0C8-206D-423C-9AA3-67451B661F2B}"
EndProject
Project("{FAE04EC0-301F-11D3-BF4B-00C04F79EFBC}") = "MyPrivateServer.Monitoring", "src\MyPrivateServer.Monitoring\MyPrivateServer.Monitoring.csproj", "{4839F665-2896-4E08-B03D-BC66BF7A7770}"
EndProject
Project("{FAE04EC0-301F-11D3-BF4B-00C04F79EFBC}") = "MyPrivateServer.RemoteAccess", "src\MyPrivateServer.RemoteAccess\MyPrivateServer.RemoteAccess.csproj", "{6DE85179-B4EC-41DF-9EDB-30F06E16C4CB}"
EndProject
Project("{FAE04EC0-301F-11D3-BF4B-00C04F79EFBC}") = "MyPrivateServer.Server", "src\MyPrivateServer.Server\MyPrivateServer.Server.csproj", "{07049878-D769-49D0-B3A9-51EEB6BF97D8}"
EndProject
Project("{FAE04EC0-301F-11D3-BF4B-00C04F79EFBC}") = "MyPrivateServer.Storage", "src\MyPrivateServer.Storage\MyPrivateServer.Storage.csproj", "{CB7B019A-07B1-477E-9742-6B184309DE0A}"
EndProject
Project("{FAE04EC0-301F-11D3-BF4B-00C04F79EFBC}") = "MyPrivateServer.WebHosting", "src\MyPrivateServer.WebHosting\MyPrivateServer.WebHosting.csproj", "{F3F1E2D0-29E9-4DE5-9A5E-73F917B26363}"
EndProject
Project("{2150E333-8FDC-42A3-9474-1A3956D46DE8}") = "tests", "tests", "{0AB3BF05-4346-4AA6-1389-037BE0695223}"
EndProject
Project("{FAE04EC0-301F-11D3-BF4B-00C04F79EFBC}") = "MyPrivateServer.Tests", "tests\MyPrivateServer.Tests\MyPrivateServer.Tests.csproj", "{CA035EA6-A03C-4BB8-9081-835F2140B590}"
EndProject
Global
	GlobalSection(SolutionConfigurationPlatforms) = preSolution
		Debug|Any CPU = Debug|Any CPU
		Debug|x64 = Debug|x64
		Debug|x86 = Debug|x86
		Release|Any CPU = Release|Any CPU
		Release|x64 = Release|x64
		Release|x86 = Release|x86
	EndGlobalSection
	GlobalSection(ProjectConfigurationPlatforms) = postSolution
		{51B4B298-5800-49FE-948D-7C2B10CF197B}.Debug|Any CPU.ActiveCfg = Debug|Any CPU
		{51B4B298-5800-49FE-948D-7C2B10CF197B}.Debug|Any CPU.Build.0 = Debug|Any CPU
		{51B4B298-5800-49FE-948D-7C2B10CF197B}.Debug|x64.ActiveCfg = Debug|Any CPU
		{51B4B298-5800-49FE-948D-7C2B10CF197B}.Debug|x64.Build.0 = Debug|Any CPU
		{51B4B298-5800-49FE-948D-7C2B10CF197B}.Debug|x86.ActiveCfg = Debug|Any CPU
		{51B4B298-5800-49FE-948D-7C2B10CF197B}.Debug|x86.Build.0 = Debug|Any CPU
		{51B4B298-5800-49FE-948D-7C2B10CF197B}.Release|Any CPU.ActiveCfg = Release|Any CPU
		{51B4B298-5800-49FE-948D-7C2B10CF197B}.Release|Any CPU.Build.0 = Release|Any CPU
		{51B4B298-5800-49FE-948D-7C2B10CF197B}.Release|x64.ActiveCfg = Release|Any CPU
		{51B4B298-5800-49FE-948D-7C2B10CF197B}.Release|x64.Build.0 = Release|Any CPU
		{51B4B298-5800-49FE-948D-7C2B10CF197B}.Release|x86.ActiveCfg = Release|Any CPU
		{51B4B298-5800-49FE-948D-7C2B10CF197B}.Release|x86.Build.0 = Release|Any CPU
		{4658DB55-6A5B-4EF3-A5FD-D6C41E85E85E}.Debug|Any CPU.ActiveCfg = Debug|Any CPU
		{4658DB55-6A5B-4EF3-A5FD-D6C41E85E85E}.Debug|Any CPU.Build.0 = Debug|Any CPU
		{4658DB55-6A5B-4EF3-A5FD-D6C41E85E85E}.Debug|x64.ActiveCfg = Debug|Any CPU
		{4658DB55-6A5B-4EF3-A5FD-D6C41E85E85E}.Debug|x64.Build.0 = Debug|Any CPU
		{4658DB55-6A5B-4EF3-A5FD-D6C41E85E85E}.Debug|x86.ActiveCfg = Debug|Any CPU
		{4658DB55-6A5B-4EF3-A5FD-D6C41E85E85E}.Debug|x86.Build.0 = Debug|Any CPU
		{4658DB55-6A5B-4EF3-A5FD-D6C41E85E85E}.Release|Any CPU.ActiveCfg = Release|Any CPU
		{4658DB55-6A5B-4EF3-A5FD-D6C41E85E85E}.Release|Any CPU.Build.0 = Release|Any CPU
		{4658DB55-6A5B-4EF3-A5FD-D6C41E85E85E}.Release|x64.ActiveCfg = Release|Any CPU
		{4658DB55-6A5B-4EF3-A5FD-D6C41E85E85E}.Release|x64.Build.0 = Release|Any CPU
		{4658DB55-6A5B-4EF3-A5FD-D6C41E85E85E}.Release|x86.ActiveCfg = Release|Any CPU
		{4658DB55-6A5B-4EF3-A5FD-D6C41E85E85E}.Release|x86.Build.0 = Release|Any CPU
		{4C198D29-BDCC-4E12-B107-EB7B8A7D0B88}.Debug|Any CPU.ActiveCfg = Debug|Any CPU
		{4C198D29-BDCC-4E12-B107-EB7B8A7D0B88}.Debug|Any CPU.Build.0 = Debug|Any CPU
		{4C198D29-BDCC-4E12-B107-EB7B8A7D0B88}.Debug|x64.ActiveCfg = Debug|Any CPU
		{4C198D29-BDCC-4E12-B107-EB7B8A7D0B88}.Debug|x64.Build.0 = Debug|Any CPU
		{4C198D29-BDCC-4E12-B107-EB7B8A7D0B88}.Debug|x86.ActiveCfg = Debug|Any CPU
		{4C198D29-BDCC-4E12-B107-EB7B8A7D0B88}.Debug|x86.Build.0 = Debug|Any CPU
		{4C198D29-BDCC-4E12-B107-EB7B8A7D0B88}.Release|Any CPU.ActiveCfg = Release|Any CPU
		{4C198D29-BDCC-4E12-B107-EB7B8A7D0B88}.Release|Any CPU.Build.0 = Release|Any CPU
		{4C198D29-BDCC-4E12-B107-EB7B8A7D0B88}.Release|x64.ActiveCfg = Release|Any CPU
		{4C198D29-BDCC-4E12-B107-EB7B8A7D0B88}.Release|x64.Build.0 = Release|Any CPU
		{4C198D29-BDCC-4E12-B107-EB7B8A7D0B88}.Release|x86.ActiveCfg = Release|Any CPU
		{4C198D29-BDCC-4E12-B107-EB7B8A7D0B88}.Release|x86.Build.0 = Release|Any CPU
		{4B6472D2-B2FB-4471-BE87-4FD4B0CC8DE3}.Debug|Any CPU.ActiveCfg = Debug|Any CPU
		{4B6472D2-B2FB-4471-BE87-4FD4B0CC8DE3}.Debug|Any CPU.Build.0 = Debug|Any CPU
		{4B6472D2-B2FB-4471-BE87-4FD4B0CC8DE3}.Debug|x64.ActiveCfg = Debug|Any CPU
		{4B6472D2-B2FB-4471-BE87-4FD4B0CC8DE3}.Debug|x64.Build.0 = Debug|Any CPU
		{4B6472D2-B2FB-4471-BE87-4FD4B0CC8DE3}.Debug|x86.ActiveCfg = Debug|Any CPU
		{4B6472D2-B2FB-4471-BE87-4FD4B0CC8DE3}.Debug|x86.Build.0 = Debug|Any CPU
		{4B6472D2-B2FB-4471-BE87-4FD4B0CC8DE3}.Release|Any CPU.ActiveCfg = Release|Any CPU
		{4B6472D2-B2FB-4471-BE87-4FD4B0CC8DE3}.Release|Any CPU.Build.0 = Release|Any CPU
		{4B6472D2-B2FB-4471-BE87-4FD4B0CC8DE3}.Release|x64.ActiveCfg = Release|Any CPU
		{4B6472D2-B2FB-4471-BE87-4FD4B0CC8DE3}.Release|x64.Build.0 = Release|Any CPU
		{4B6472D2-B2FB-4471-BE87-4FD4B0CC8DE3}.Release|x86.ActiveCfg = Release|Any CPU
		{4B6472D2-B2FB-4471-BE87-4FD4B0CC8DE3}.Release|x86.Build.0 = Release|Any CPU
		{F36F5060-CEF2-48AD-A191-7951AC5A5911}.Debug|Any CPU.ActiveCfg = Debug|Any CPU
		{F36F5060-CEF2-48AD-A191-7951AC5A5911}.Debug|Any CPU.Build.0 = Debug|Any CPU
		{F36F5060-CEF2-48AD-A191-7951AC5A5911}.Debug|x64.ActiveCfg = Debug|Any CPU
		{F36F5060-CEF2-48AD-A191-7951AC5A5911}.Debug|x64.Build.0 = Debug|Any CPU
		{F36F5060-CEF2-48AD-A191-7951AC5A5911}.Debug|x86.ActiveCfg = Debug|Any CPU
		{F36F5060-CEF2-48AD-A191-7951AC5A5911}.Debug|x86.Build.0 = Debug|Any CPU
		{F36F5060-CEF2-48AD-A191-7951AC5A5911}.Release|Any CPU.ActiveCfg = Release|Any CPU
		{F36F5060-CEF2-48AD-A191-7951AC5A5911}.Release|Any CPU.Build.0 = Release|Any CPU
		{F36F5060-CEF2-48AD-A191-7951AC5A5911}.Release|x64.ActiveCfg = Release|Any CPU
		{F36F5060-CEF2-48AD-A191-7951AC5A5911}.Release|x64.Build.0 = Release|Any CPU
		{F36F5060-CEF2-48AD-A191-7951AC5A5911}.Release|x86.ActiveCfg = Release|Any CPU
		{F36F5060-CEF2-48AD-A191-7951AC5A5911}.Release|x86.Build.0 = Release|Any CPU
		{FC004680-FCA7-4867-8665-C2FB504D78FE}.Debug|Any CPU.ActiveCfg = Debug|Any CPU
		{FC004680-FCA7-4867-8665-C2FB504D78FE}.Debug|Any CPU.Build.0 = Debug|Any CPU
		{FC004680-FCA7-4867-8665-C2FB504D78FE}.Debug|x64.ActiveCfg = Debug|Any CPU
		{FC004680-FCA7-4867-8665-C2FB504D78FE}.Debug|x64.Build.0 = Debug|Any CPU
		{FC004680-FCA7-4867-8665-C2FB504D78FE}.Debug|x86.ActiveCfg = Debug|Any CPU
		{FC004680-FCA7-4867-8665-C2FB504D78FE}.Debug|x86.Build.0 = Debug|Any CPU
		{FC004680-FCA7-4867-8665-C2FB504D78FE}.Release|Any CPU.ActiveCfg = Release|Any CPU
		{FC004680-FCA7-4867-8665-C2FB504D78FE}.Release|Any CPU.Build.0 = Release|Any CPU
		{FC004680-FCA7-4867-8665-C2FB504D78FE}.Release|x64.ActiveCfg = Release|Any CPU
		{FC004680-FCA7-4867-8665-C2FB504D78FE}.Release|x64.Build.0 = Release|Any CPU
		{FC004680-FCA7-4867-8665-C2FB504D78FE}.Release|x86.ActiveCfg = Release|Any CPU
		{FC004680-FCA7-4867-8665-C2FB504D78FE}.Release|x86.Build.0 = Release|Any CPU
		{0301F0C8-206D-423C-9AA3-67451B661F2B}.Debug|Any CPU.ActiveCfg = Debug|Any CPU
		{0301F0C8-206D-423C-9AA3-67451B661F2B}.Debug|Any CPU.Build.0 = Debug|Any CPU
		{0301F0C8-206D-423C-9AA3-67451B661F2B}.Debug|x64.ActiveCfg = Debug|Any CPU
		{0301F0C8-206D-423C-9AA3-67451B661F2B}.Debug|x64.Build.0 = Debug|Any CPU
		{0301F0C8-206D-423C-9AA3-67451B661F2B}.Debug|x86.ActiveCfg = Debug|Any CPU
		{0301F0C8-206D-423C-9AA3-67451B661F2B}.Debug|x86.Build.0 = Debug|Any CPU
		{0301F0C8-206D-423C-9AA3-67451B661F2B}.Release|Any CPU.ActiveCfg = Release|Any CPU
		{0301F0C8-206D-423C-9AA3-67451B661F2B}.Release|Any CPU.Build.0 = Release|Any CPU
		{0301F0C8-206D-423C-9AA3-67451B661F2B}.Release|x64.ActiveCfg = Release|Any CPU
		{0301F0C8-206D-423C-9AA3-67451B661F2B}.Release|x64.Build.0 = Release|Any CPU
		{0301F0C8-206D-423C-9AA3-67451B661F2B}.Release|x86.ActiveCfg = Release|Any CPU
		{0301F0C8-206D-423C-9AA3-67451B661F2B}.Release|x86.Build.0 = Release|Any CPU
		{4839F665-2896-4E08-B03D-BC66BF7A7770}.Debug|Any CPU.ActiveCfg = Debug|Any CPU
		{4839F665-2896-4E08-B03D-BC66BF7A7770}.Debug|Any CPU.Build.0 = Debug|Any CPU
		{4839F665-2896-4E08-B03D-BC66BF7A7770}.Debug|x64.ActiveCfg = Debug|Any CPU
		{4839F665-2896-4E08-B03D-BC66BF7A7770}.Debug|x64.Build.0 = Debug|Any CPU
		{4839F665-2896-4E08-B03D-BC66BF7A7770}.Debug|x86.ActiveCfg = Debug|Any CPU
		{4839F665-2896-4E08-B03D-BC66BF7A7770}.Debug|x86.Build.0 = Debug|Any CPU
		{4839F665-2896-4E08-B03D-BC66BF7A7770}.Release|Any CPU.ActiveCfg = Release|Any CPU
		{4839F665-2896-4E08-B03D-BC66BF7A7770}.Release|Any CPU.Build.0 = Release|Any CPU
		{4839F665-2896-4E08-B03D-BC66BF7A7770}.Release|x64.ActiveCfg = Release|Any CPU
		{4839F665-2896-4E08-B03D-BC66BF7A7770}.Release|x64.Build.0 = Release|Any CPU
		{4839F665-2896-4E08-B03D-BC66BF7A7770}.Release|x86.ActiveCfg = Release|Any CPU
		{4839F665-2896-4E08-B03D-BC66BF7A7770}.Release|x86.Build.0 = Release|Any CPU
		{6DE85179-B4EC-41DF-9EDB-30F06E16C4CB}.Debug|Any CPU.ActiveCfg = Debug|Any CPU
		{6DE85179-B4EC-41DF-9EDB-30F06E16C4CB}.Debug|Any CPU.Build.0 = Debug|Any CPU
		{6DE85179-B4EC-41DF-9EDB-30F06E16C4CB}.Debug|x64.ActiveCfg = Debug|Any CPU
		{6DE85179-B4EC-41DF-9EDB-30F06E16C4CB}.Debug|x64.Build.0 = Debug|Any CPU
		{6DE85179-B4EC-41DF-9EDB-30F06E16C4CB}.Debug|x86.ActiveCfg = Debug|Any CPU
		{6DE85179-B4EC-41DF-9EDB-30F06E16C4CB}.Debug|x86.Build.0 = Debug|Any CPU
		{6DE85179-B4EC-41DF-9EDB-30F06E16C4CB}.Release|Any CPU.ActiveCfg = Release|Any CPU
		{6DE85179-B4EC-41DF-9EDB-30F06E16C4CB}.Release|Any CPU.Build.0 = Release|Any CPU
		{6DE85179-B4EC-41DF-9EDB-30F06E16C4CB}.Release|x64.ActiveCfg = Release|Any CPU
		{6DE85179-B4EC-41DF-9EDB-30F06E16C4CB}.Release|x64.Build.0 = Release|Any CPU
		{6DE85179-B4EC-41DF-9EDB-30F06E16C4CB}.Release|x86.ActiveCfg = Release|Any CPU
		{6DE85179-B4EC-41DF-9EDB-30F06E16C4CB}.Release|x86.Build.0 = Release|Any CPU
		{07049878-D769-49D0-B3A9-51EEB6BF97D8}.Debug|Any CPU.ActiveCfg = Debug|Any CPU
		{07049878-D769-49D0-B3A9-51EEB6BF97D8}.Debug|Any CPU.Build.0 = Debug|Any CPU
		{07049878-D769-49D0-B3A9-51EEB6BF97D8}.Debug|x64.ActiveCfg = Debug|Any CPU
		{07049878-D769-49D0-B3A9-51EEB6BF97D8}.Debug|x64.Build.0 = Debug|Any CPU
		{07049878-D769-49D0-B3A9-51EEB6BF97D8}.Debug|x86.ActiveCfg = Debug|Any CPU
		{07049878-D769-49D0-B3A9-51EEB6BF97D8}.Debug|x86.Build.0 = Debug|Any CPU
		{07049878-D769-49D0-B3A9-51EEB6BF97D8}.Release|Any CPU.ActiveCfg = Release|Any CPU
		{07049878-D769-49D0-B3A9-51EEB6BF97D8}.Release|Any CPU.Build.0 = Release|Any CPU
		{07049878-D769-49D0-B3A9-51EEB6BF97D8}.Release|x64.ActiveCfg = Release|Any CPU
		{07049878-D769-49D0-B3A9-51EEB6BF97D8}.Release|x64.Build.0 = Release|Any CPU
		{07049878-D769-49D0-B3A9-51EEB6BF97D8}.Release|x86.ActiveCfg = Release|Any CPU
		{07049878-D769-49D0-B3A9-51EEB6BF97D8}.Release|x86.Build.0 = Release|Any CPU
		{CB7B019A-07B1-477E-9742-6B184309DE0A}.Debug|Any CPU.ActiveCfg = Debug|Any CPU
		{CB7B019A-07B1-477E-9742-6B184309DE0A}.Debug|Any CPU.Build.0 = Debug|Any CPU
		{CB7B019A-07B1-477E-9742-6B184309DE0A}.Debug|x64.ActiveCfg = Debug|Any CPU
		{CB7B019A-07B1-477E-9742-6B184309DE0A}.Debug|x64.Build.0 = Debug|Any CPU
		{CB7B019A-07B1-477E-9742-6B184309DE0A}.Debug|x86.ActiveCfg = Debug|Any CPU
		{CB7B019A-07B1-477E-9742-6B184309DE0A}.Debug|x86.Build.0 = Debug|Any CPU
		{CB7B019A-07B1-477E-9742-6B184309DE0A}.Release|Any CPU.ActiveCfg = Release|Any CPU
		{CB7B019A-07B1-477E-9742-6B184309DE0A}.Release|Any CPU.Build.0 = Release|Any CPU
		{CB7B019A-07B1-477E-9742-6B184309DE0A}.Release|x64.ActiveCfg = Release|Any CPU
		{CB7B019A-07B1-477E-9742-6B184309DE0A}.Release|x64.Build.0 = Release|Any CPU
		{CB7B019A-07B1-477E-9742-6B184309DE0A}.Release|x86.ActiveCfg = Release|Any CPU
		{CB7B019A-07B1-477E-9742-6B184309DE0A}.Release|x86.Build.0 = Release|Any CPU
		{F3F1E2D0-29E9-4DE5-9A5E-73F917B26363}.Debug|Any CPU.ActiveCfg = Debug|Any CPU
		{F3F1E2D0-29E9-4DE5-9A5E-73F917B26363}.Debug|Any CPU.Build.0 = Debug|Any CPU
		{F3F1E2D0-29E9-4DE5-9A5E-73F917B26363}.Debug|x64.ActiveCfg = Debug|Any CPU
		{F3F1E2D0-29E9-4DE5-9A5E-73F917B26363}.Debug|x64.Build.0 = Debug|Any CPU
		{F3F1E2D0-29E9-4DE5-9A5E-73F917B26363}.Debug|x86.ActiveCfg = Debug|Any CPU
		{F3F1E2D0-29E9-4DE5-9A5E-73F917B26363}.Debug|x86.Build.0 = Debug|Any CPU
		{F3F1E2D0-29E9-4DE5-9A5E-73F917B26363}.Release|Any CPU.ActiveCfg = Release|Any CPU
		{F3F1E2D0-29E9-4DE5-9A5E-73F917B26363}.Release|Any CPU.Build.0 = Release|Any CPU
		{F3F1E2D0-29E9-4DE5-9A5E-73F917B26363}.Release|x64.ActiveCfg = Release|Any CPU
		{F3F1E2D0-29E9-4DE5-9A5E-73F917B26363}.Release|x64.Build.0 = Release|Any CPU
		{F3F1E2D0-29E9-4DE5-9A5E-73F917B26363}.Release|x86.ActiveCfg = Release|Any CPU
		{F3F1E2D0-29E9-4DE5-9A5E-73F917B26363}.Release|x86.Build.0 = Release|Any CPU
		{CA035EA6-A03C-4BB8-9081-835F2140B590}.Debug|Any CPU.ActiveCfg = Debug|Any CPU
		{CA035EA6-A03C-4BB8-9081-835F2140B590}.Debug|Any CPU.Build.0 = Debug|Any CPU
		{CA035EA6-A03C-4BB8-9081-835F2140B590}.Debug|x64.ActiveCfg = Debug|Any CPU
		{CA035EA6-A03C-4BB8-9081-835F2140B590}.Debug|x64.Build.0 = Debug|Any CPU
		{CA035EA6-A03C-4BB8-9081-835F2140B590}.Debug|x86.ActiveCfg = Debug|Any CPU
		{CA035EA6-A03C-4BB8-9081-835F2140B590}.Debug|x86.Build.0 = Debug|Any CPU
		{CA035EA6-A03C-4BB8-9081-835F2140B590}.Release|Any CPU.ActiveCfg = Release|Any CPU
		{CA035EA6-A03C-4BB8-9081-835F2140B590}.Release|Any CPU.Build.0 = Release|Any CPU
		{CA035EA6-A03C-4BB8-9081-835F2140B590}.Release|x64.ActiveCfg = Release|Any CPU
		{CA035EA6-A03C-4BB8-9081-835F2140B590}.Release|x64.Build.0 = Release|Any CPU
		{CA035EA6-A03C-4BB8-9081-835F2140B590}.Release|x86.ActiveCfg = Release|Any CPU
		{CA035EA6-A03C-4BB8-9081-835F2140B590}.Release|x86.Build.0 = Release|Any CPU
	EndGlobalSection
	GlobalSection(SolutionProperties) = preSolution
		HideSolutionNode = FALSE
	EndGlobalSection
	GlobalSection(NestedProjects) = preSolution
		{51B4B298-5800-49FE-948D-7C2B10CF197B} = {827E0CD3-B72D-47B6-A68D-7590B98EB39B}
		{4658DB55-6A5B-4EF3-A5FD-D6C41E85E85E} = {827E0CD3-B72D-47B6-A68D-7590B98EB39B}
		{4C198D29-BDCC-4E12-B107-EB7B8A7D0B88} = {827E0CD3-B72D-47B6-A68D-7590B98EB39B}
		{4B6472D2-B2FB-4471-BE87-4FD4B0CC8DE3} = {827E0CD3-B72D-47B6-A68D-7590B98EB39B}
		{F36F5060-CEF2-48AD-A191-7951AC5A5911} = {827E0CD3-B72D-47B6-A68D-7590B98EB39B}
		{FC004680-FCA7-4867-8665-C2FB504D78FE} = {827E0CD3-B72D-47B6-A68D-7590B98EB39B}
		{0301F0C8-206D-423C-9AA3-67451B661F2B} = {827E0CD3-B72D-47B6-A68D-7590B98EB39B}
		{4839F665-2896-4E08-B03D-BC66BF7A7770} = {827E0CD3-B72D-47B6-A68D-7590B98EB39B}
		{6DE85179-B4EC-41DF-9EDB-30F06E16C4CB} = {827E0CD3-B72D-47B6-A68D-7590B98EB39B}
		{07049878-D769-49D0-B3A9-51EEB6BF97D8} = {827E0CD3-B72D-47B6-A68D-7590B98EB39B}
		{CB7B019A-07B1-477E-9742-6B184309DE0A} = {827E0CD3-B72D-47B6-A68D-7590B98EB39B}
		{F3F1E2D0-29E9-4DE5-9A5E-73F917B26363} = {827E0CD3-B72D-47B6-A68D-7590B98EB39B}
		{CA035EA6-A03C-4BB8-9081-835F2140B590} = {0AB3BF05-4346-4AA6-1389-037BE0695223}
	EndGlobalSection
EndGlobal
